
Microsoft Visual Studio Solution File, Format Version 12.00
# Visual Studio Version 17
VisualStudioVersion = 17.14.37614.0 d17.14
MinimumVisualStudioVersion = 10.0.40219.1
Project("{FAE04EC0-301F-11D3-BF4B-00C04F79EFBC}") = "ConsoleApp", "ConsoleApp\ConsoleApp.csproj", "{DC916DB5-A4EA-44B1-BD93-F18AA3E049ED}"
EndProject
Global
	GlobalSection(SolutionConfigurationPlatforms) = preSolution
		Debug|Any CPU = Debug|Any CPU
		Release|Any CPU = Release|Any CPU
	EndGlobalSection
	GlobalSection(ProjectConfigurationPlatforms) = postSolution
		{DC916DB5-A4EA-44B1-BD93-F18AA3E049ED}.Debug|Any CPU.ActiveCfg = Debug|Any CPU
		{DC916DB5-A4EA-44B1-BD93-F18AA3E049ED}.Debug|Any CPU.Build.0 = Debug|Any CPU
		{DC916DB5-A4EA-44B1-BD93-F18AA3E049ED}.Release|Any CPU.ActiveCfg = Release|Any CPU
		{DC916DB5-A4EA-44B1-BD93-F18AA3E049ED}.Release|Any CPU.Build.0 = Release|Any CPU
	EndGlobalSection
	GlobalSection(SolutionProperties) = preSolution
		HideSolutionNode = FALSE
	EndGlobalSection
	GlobalSection(ExtensibilityGlobals) = postSolution
		SolutionGuid = {7558B1AF-707F-4DC9-864B-1BB54EFAA19C}
	EndGlobalSection
EndGlobal
